
Microsoft Visual Studio Solution File, Format Version 12.00
# Visual Studio Version 17
VisualStudioVersion = 17.5.002.0
MinimumVisualStudioVersion = 10.0.40219.1
Project("{9A19103F-16F7-4668-BE54-9A1E7A4F7556}") = "hien_thi_loi_chao", "hien_thi_loi_chao.csproj", "{CF096FC9-C189-46CA-8A15-5385EBE2034F}"
EndProject
Global
	GlobalSection(SolutionConfigurationPlatforms) = preSolution
		Debug|Any CPU = Debug|Any CPU
		Release|Any CPU = Release|Any CPU
	EndGlobalSection
	GlobalSection(ProjectConfigurationPlatforms) = postSolution
		{CF096FC9-C189-46CA-8A15-5385EBE2034F}.Debug|Any CPU.ActiveCfg = Debug|Any CPU
		{CF096FC9-C189-46CA-8A15-5385EBE2034F}.Debug|Any CPU.Build.0 = Debug|Any CPU
		{CF096FC9-C189-46CA-8A15-5385EBE2034F}.Release|Any CPU.ActiveCfg = Release|Any CPU
		{CF096FC9-C189-46CA-8A15-5385EBE2034F}.Release|Any CPU.Build.0 = Release|Any CPU
	EndGlobalSection
	GlobalSection(SolutionProperties) = preSolution
		HideSolutionNode = FALSE
	EndGlobalSection
	GlobalSection(ExtensibilityGlobals) = postSolution
		SolutionGuid = {0371C3EB-216E-472D-958D-6E89AB82F009}
	EndGlobalSection
EndGlobal
